
Microsoft Visual Studio Solution File, Format Version 12.00
# Visual Studio 15
VisualStudioVersion = 15.0.27428.2043
MinimumVisualStudioVersion = 10.0.40219.1
Project("{FAE04EC0-301F-11D3-BF4B-00C04F79EFBC}") = "ICTOOP", "ICTOOP\ICTOOP.csproj", "{A336B7F9-11CC-4902-B90A-CD81E53EF542}"
EndProject
Global
	GlobalSection(SolutionConfigurationPlatforms) = preSolution
		Debug|Any CPU = Debug|Any CPU
		Release|Any CPU = Release|Any CPU
	EndGlobalSection
	GlobalSection(ProjectConfigurationPlatforms) = postSolution
		{A336B7F9-11CC-4902-B90A-CD81E53EF542}.Debug|Any CPU.ActiveCfg = Debug|Any CPU
		{A336B7F9-11CC-4902-B90A-CD81E53EF542}.Debug|Any CPU.Build.0 = Debug|Any CPU
		{A336B7F9-11CC-4902-B90A-CD81E53EF542}.Release|Any CPU.ActiveCfg = Release|Any CPU
		{A336B7F9-11CC-4902-B90A-CD81E53EF542}.Release|Any CPU.Build.0 = Release|Any CPU
	EndGlobalSection
	GlobalSection(SolutionProperties) = preSolution
		HideSolutionNode = FALSE
	EndGlobalSection
	GlobalSection(ExtensibilityGlobals) = postSolution
		SolutionGuid = {D86F7CBF-A5E3-40D6-BFCA-D753D32562B4}
	EndGlobalSection
EndGlobal
